FORGE
  remote: http://forge.puppetlabs.com
  specs:
    puppetlabs/concat (1.0.0-rc1)
    puppetlabs/stdlib (4.1.0)

GIT
  remote: git://github.com/duritong/puppet-openbsd.git
  ref: master
  sha: a6cce1fe5262b59538835d3b9166cc754b8e550d
  specs:
    openbsd (0.0.1)

DEPENDENCIES
  openbsd (>= 0)
  puppetlabs/concat (>= 0)
  puppetlabs/stdlib (>= 0.1.6)

